
Microsoft Visual Studio Solution File, Format Version 12.00
# Visual Studio 2012
Project("{FAE04EC0-301F-11D3-BF4B-00C04F79EFBC}") = "Greg.Lib.Cache", "ClassLibrary1\Greg.Lib.Cache.csproj", "{803499D8-1868-4727-89B3-EDE1E3BA926B}"
EndProject
Global
	GlobalSection(SolutionConfigurationPlatforms) = preSolution
		Debug|Any CPU = Debug|Any CPU
		Release|Any CPU = Release|Any CPU
	EndGlobalSection
	GlobalSection(ProjectConfigurationPlatforms) = postSolution
		{803499D8-1868-4727-89B3-EDE1E3BA926B}.Debug|Any CPU.ActiveCfg = Debug|Any CPU
		{803499D8-1868-4727-89B3-EDE1E3BA926B}.Debug|Any CPU.Build.0 = Debug|Any CPU
		{803499D8-1868-4727-89B3-EDE1E3BA926B}.Release|Any CPU.ActiveCfg = Release|Any CPU
		{803499D8-1868-4727-89B3-EDE1E3BA926B}.Release|Any CPU.Build.0 = Release|Any CPU
	EndGlobalSection
	GlobalSection(SolutionProperties) = preSolution
		HideSolutionNode = FALSE
	EndGlobalSection
EndGlobal
