
Microsoft Visual Studio Solution File, Format Version 12.00
# Visual Studio 2012
Project("{FAE04EC0-301F-11D3-BF4B-00C04F79EFBC}") = "Greg.Lib.Cache", "Greg.Lib.Cache\Greg.Lib.Cache.csproj", "{D87D4CFC-575F-45CF-96CE-E155403396AF}"
EndProject
Global
	GlobalSection(SolutionConfigurationPlatforms) = preSolution
		Debug|Any CPU = Debug|Any CPU
		Release|Any CPU = Release|Any CPU
	EndGlobalSection
	GlobalSection(ProjectConfigurationPlatforms) = postSolution
		{D87D4CFC-575F-45CF-96CE-E155403396AF}.Debug|Any CPU.ActiveCfg = Debug|Any CPU
		{D87D4CFC-575F-45CF-96CE-E155403396AF}.Debug|Any CPU.Build.0 = Debug|Any CPU
		{D87D4CFC-575F-45CF-96CE-E155403396AF}.Release|Any CPU.ActiveCfg = Release|Any CPU
		{D87D4CFC-575F-45CF-96CE-E155403396AF}.Release|Any CPU.Build.0 = Release|Any CPU
	EndGlobalSection
	GlobalSection(SolutionProperties) = preSolution
		HideSolutionNode = FALSE
	EndGlobalSection
EndGlobal
